// !$*UTF8*$!
{
	archiveVersion = 1;
	classes = {
	};
	objectVersion = 46;
	objects = {

/* Begin PBXBuildFile section */
		891E21931A3A553600E54C33 /* main.m in Sources */ = {isa = PBXBuildFile; fileRef = 891E21921A3A553600E54C33 /* main.m */; };
		891E21961A3A553600E54C33 /* AppDelegate.m in Sources */ = {isa = PBXBuildFile; fileRef = 891E21951A3A553600E54C33 /* AppDelegate.m */; };
		891E21991A3A553600E54C33 /* MySessionsViewController.m in Sources */ = {isa = PBXBuildFile; fileRef = 891E21981A3A553600E54C33 /* MySessionsViewController.m */; };
		891E219C1A3A553600E54C33 /* ExploreViewController.m in Sources */ = {isa = PBXBuildFile; fileRef = 891E219B1A3A553600E54C33 /* ExploreViewController.m */; };
		891E219F1A3A553700E54C33 /* Main.storyboard in Resources */ = {isa = PBXBuildFile; fileRef = 891E219D1A3A553700E54C33 /* Main.storyboard */; };
		891E21A11A3A553700E54C33 /* Images.xcassets in Resources */ = {isa = PBXBuildFile; fileRef = 891E21A01A3A553700E54C33 /* Images.xcassets */; };
		891E21A41A3A553700E54C33 /* LaunchScreen.xib in Resources */ = {isa = PBXBuildFile; fileRef = 891E21A21A3A553700E54C33 /* LaunchScreen.xib */; };
		891E21B01A3A553700E54C33 /* VisparTests.m in Sources */ = {isa = PBXBuildFile; fileRef = 891E21AF1A3A553700E54C33 /* VisparTests.m */; };
		891E21C01A3A656000E54C33 /* FollowViewController.m in Sources */ = {isa = PBXBuildFile; fileRef = 891E21BF1A3A656000E54C33 /* FollowViewController.m */; };
		891E21C41A3A7CBE00E54C33 /* ios in Resources */ = {isa = PBXBuildFile; fileRef = 891E21C31A3A7CBE00E54C33 /* ios */; };
/* End PBXBuildFile section */

/* Begin PBXContainerItemProxy section */
		891E21AA1A3A553700E54C33 /* PBXContainerItemProxy */ = {
			isa = PBXContainerItemProxy;
			containerPortal = 891E21851A3A553600E54C33 /* Project object */;
			proxyType = 1;
			remoteGlobalIDString = 891E218C1A3A553600E54C33;
			remoteInfo = Vispar;
		};
/* End PBXContainerItemProxy section */

/* Begin PBXFileReference section */
		891E218D1A3A553600E54C33 /* Vispar.app */ = {isa = PBXFileReference; explicitFileType = wrapper.application; includeInIndex = 0; path = Vispar.app; sourceTree = BUILT_PRODUCTS_DIR; };
		891E21911A3A553600E54C33 /* Info.plist */ = {isa = PBXFileReference; lastKnownFileType = text.plist.xml; path = Info.plist; sourceTree = "<group>"; };
		891E21921A3A553600E54C33 /* main.m */ = {isa = PBXFileReference; lastKnownFileType = sourcecode.c.objc; path = main.m; sourceTree = "<group>"; };
		891E21941A3A553600E54C33 /* AppDelegate.h */ = {isa = PBXFileReference; lastKnownFileType = sourcecode.c.h; path = AppDelegate.h; sourceTree = "<group>"; };
		891E21951A3A553600E54C33 /* AppDelegate.m */ = {isa = PBXFileReference; lastKnownFileType = sourcecode.c.objc; path = AppDelegate.m; sourceTree = "<group>"; };
		891E21971A3A553600E54C33 /* MySessionsViewController.h */ = {isa = PBXFileReference; lastKnownFileType = sourcecode.c.h; path = MySessionsViewController.h; sourceTree = "<group>"; };
		891E21981A3A553600E54C33 /* MySessionsViewController.m */ = {isa = PBXFileReference; lastKnownFileType = sourcecode.c.objc; path = MySessionsViewController.m; sourceTree = "<group>"; };
		891E219A1A3A553600E54C33 /* ExploreViewController.h */ = {isa = PBXFileReference; lastKnownFileType = sourcecode.c.h; path = ExploreViewController.h; sourceTree = "<group>"; };
		891E219B1A3A553600E54C33 /* ExploreViewController.m */ = {isa = PBXFileReference; lastKnownFileType = sourcecode.c.objc; path = ExploreViewController.m; sourceTree = "<group>"; };
		891E219E1A3A553700E54C33 /* Base */ = {isa = PBXFileReference; lastKnownFileType = file.storyboard; name = Base; path = Base.lproj/Main.storyboard; sourceTree = "<group>"; };
		891E21A01A3A553700E54C33 /* Images.xcassets */ = {isa = PBXFileReference; lastKnownFileType = folder.assetcatalog; path = Images.xcassets; sourceTree = "<group>"; };
		891E21A31A3A553700E54C33 /* Base */ = {isa = PBXFileReference; lastKnownFileType = file.xib; name = Base; path = Base.lproj/LaunchScreen.xib; sourceTree = "<group>"; };
		891E21A91A3A553700E54C33 /* VisparTests.xctest */ = {isa = PBXFileReference; explicitFileType = wrapper.cfbundle; includeInIndex = 0; path = VisparTests.xctest; sourceTree = BUILT_PRODUCTS_DIR; };
		891E21AE1A3A553700E54C33 /* Info.plist */ = {isa = PBXFileReference; lastKnownFileType = text.plist.xml; path = Info.plist; sourceTree = "<group>"; };
		891E21AF1A3A553700E54C33 /* VisparTests.m */ = {isa = PBXFileReference; lastKnownFileType = sourcecode.c.objc; path = VisparTests.m; sourceTree = "<group>"; };
		891E21BE1A3A656000E54C33 /* FollowViewController.h */ = {isa = PBXFileReference; fileEncoding = 4; lastKnownFileType = sourcecode.c.h; path = FollowViewController.h; sourceTree = "<group>"; };
		891E21BF1A3A656000E54C33 /* FollowViewController.m */ = {isa = PBXFileReference; fileEncoding = 4; lastKnownFileType = sourcecode.c.objc; path = FollowViewController.m; sourceTree = "<group>"; };
		891E21C31A3A7CBE00E54C33 /* ios */ = {isa = PBXFileReference; lastKnownFileType = folder; path = ios; sourceTree = "<group>"; };
/* End PBXFileReference section */

/* Begin PBXFrameworksBuildPhase section */
		891E218A1A3A553600E54C33 /* Frameworks */ = {
			isa = PBXFrameworksBuildPhase;
			buildActionMask = 2147483647;
			files = (
			);
			runOnlyForDeploymentPostprocessing = 0;
		};
		891E21A61A3A553700E54C33 /* Frameworks */ = {
			isa = PBXFrameworksBuildPhase;
			buildActionMask = 2147483647;
			files = (
			);
			runOnlyForDeploymentPostprocessing = 0;
		};
/* End PBXFrameworksBuildPhase section */

/* Begin PBXGroup section */
		891E21841A3A553600E54C33 = {
			isa = PBXGroup;
			children = (
				891E21C31A3A7CBE00E54C33 /* ios */,
				891E21BD1A3A634900E54C33 /* images */,
				891E218F1A3A553600E54C33 /* Vispar */,
				891E21AC1A3A553700E54C33 /* VisparTests */,
				891E218E1A3A553600E54C33 /* Products */,
			);
			sourceTree = "<group>";
		};
		891E218E1A3A553600E54C33 /* Products */ = {
			isa = PBXGroup;
			children = (
				891E218D1A3A553600E54C33 /* Vispar.app */,
				891E21A91A3A553700E54C33 /* VisparTests.xctest */,
			);
			name = Products;
			sourceTree = "<group>";
		};
		891E218F1A3A553600E54C33 /* Vispar */ = {
			isa = PBXGroup;
			children = (
				891E21941A3A553600E54C33 /* AppDelegate.h */,
				891E21951A3A553600E54C33 /* AppDelegate.m */,
				891E21971A3A553600E54C33 /* MySessionsViewController.h */,
				891E21981A3A553600E54C33 /* MySessionsViewController.m */,
				891E219A1A3A553600E54C33 /* ExploreViewController.h */,
				891E219B1A3A553600E54C33 /* ExploreViewController.m */,
				891E21BE1A3A656000E54C33 /* FollowViewController.h */,
				891E21BF1A3A656000E54C33 /* FollowViewController.m */,
				891E219D1A3A553700E54C33 /* Main.storyboard */,
				891E21A01A3A553700E54C33 /* Images.xcassets */,
				891E21A21A3A553700E54C33 /* LaunchScreen.xib */,
				891E21901A3A553600E54C33 /* Supporting Files */,
			);
			path = Vispar;
			sourceTree = "<group>";
		};
		891E21901A3A553600E54C33 /* Supporting Files */ = {
			isa = PBXGroup;
			children = (
				891E21911A3A553600E54C33 /* Info.plist */,
				891E21921A3A553600E54C33 /* main.m */,
			);
			name = "Supporting Files";
			sourceTree = "<group>";
		};
		891E21AC1A3A553700E54C33 /* VisparTests */ = {
			isa = PBXGroup;
			children = (
				891E21AF1A3A553700E54C33 /* VisparTests.m */,
				891E21AD1A3A553700E54C33 /* Supporting Files */,
			);
			path = VisparTests;
			sourceTree = "<group>";
		};
		891E21AD1A3A553700E54C33 /* Supporting Files */ = {
			isa = PBXGroup;
			children = (
				891E21AE1A3A553700E54C33 /* Info.plist */,
			);
			name = "Supporting Files";
			sourceTree = "<group>";
		};
		891E21BD1A3A634900E54C33 /* images */ = {
			isa = PBXGroup;
			children = (
			);
			name = images;
			sourceTree = "<group>";
		};
/* End PBXGroup section */

/* Begin PBXNativeTarget section */
		891E218C1A3A553600E54C33 /* Vispar */ = {
			isa = PBXNativeTarget;
			buildConfigurationList = 891E21B31A3A553700E54C33 /* Build configuration list for PBXNativeTarget "Vispar" */;
			buildPhases = (
				891E21891A3A553600E54C33 /* Sources */,
				891E218A1A3A553600E54C33 /* Frameworks */,
				891E218B1A3A553600E54C33 /* Resources */,
			);
			buildRules = (
			);
			dependencies = (
			);
			name = Vispar;
			productName = Vispar;
			productReference = 891E218D1A3A553600E54C33 /* Vispar.app */;
			productType = "com.apple.product-type.application";
		};
		891E21A81A3A553700E54C33 /* VisparTests */ = {
			isa = PBXNativeTarget;
			buildConfigurationList = 891E21B61A3A553700E54C33 /* Build configuration list for PBXNativeTarget "VisparTests" */;
			buildPhases = (
				891E21A51A3A553700E54C33 /* Sources */,
				891E21A61A3A553700E54C33 /* Frameworks */,
				891E21A71A3A553700E54C33 /* Resources */,
			);
			buildRules = (
			);
			dependencies = (
				891E21AB1A3A553700E54C33 /* PBXTargetDependency */,
			);
			name = VisparTests;
			productName = VisparTests;
			productReference = 891E21A91A3A553700E54C33 /* VisparTests.xctest */;
			productType = "com.apple.product-type.bundle.unit-test";
		};
/* End PBXNativeTarget section */

/* Begin PBXProject section */
		891E21851A3A553600E54C33 /* Project object */ = {
			isa = PBXProject;
			attributes = {
				LastUpgradeCheck = 0610;
				ORGANIZATIONNAME = "Howard Wang";
				TargetAttributes = {
					891E218C1A3A553600E54C33 = {
						CreatedOnToolsVersion = 6.1.1;
					};
					891E21A81A3A553700E54C33 = {
						CreatedOnToolsVersion = 6.1.1;
						TestTargetID = 891E218C1A3A553600E54C33;
					};
				};
			};
			buildConfigurationList = 891E21881A3A553600E54C33 /* Build configuration list for PBXProject "Vispar" */;
			compatibilityVersion = "Xcode 3.2";
			developmentRegion = English;
			hasScannedForEncodings = 0;
			knownRegions = (
				en,
				Base,
			);
			mainGroup = 891E21841A3A553600E54C33;
			productRefGroup = 891E218E1A3A553600E54C33 /* Products */;
			projectDirPath = "";
			projectRoot = "";
			targets = (
				891E218C1A3A553600E54C33 /* Vispar */,
				891E21A81A3A553700E54C33 /* VisparTests */,
			);
		};
/* End PBXProject section */

/* Begin PBXResourcesBuildPhase section */
		891E218B1A3A553600E54C33 /* Resources */ = {
			isa = PBXResourcesBuildPhase;
			buildActionMask = 2147483647;
			files = (
				891E219F1A3A553700E54C33 /* Main.storyboard in Resources */,
				891E21A41A3A553700E54C33 /* LaunchScreen.xib in Resources */,
				891E21C41A3A7CBE00E54C33 /* ios in Resources */,
				891E21A11A3A553700E54C33 /* Images.xcassets in Resources */,
			);
			runOnlyForDeploymentPostprocessing = 0;
		};
		891E21A71A3A553700E54C33 /* Resources */ = {
			isa = PBXResourcesBuildPhase;
			buildActionMask = 2147483647;
			files = (
			);
			runOnlyForDeploymentPostprocessing = 0;
		};
/* End PBXResourcesBuildPhase section */

/* Begin PBXSourcesBuildPhase section */
		891E21891A3A553600E54C33 /* Sources */ = {
			isa = PBXSourcesBuildPhase;
			buildActionMask = 2147483647;
			files = (
				891E219C1A3A553600E54C33 /* ExploreViewController.m in Sources */,
				891E21961A3A553600E54C33 /* AppDelegate.m in Sources */,
				891E21C01A3A656000E54C33 /* FollowViewController.m in Sources */,
				891E21991A3A553600E54C33 /* MySessionsViewController.m in Sources */,
				891E21931A3A553600E54C33 /* main.m in Sources */,
			);
			runOnlyForDeploymentPostprocessing = 0;
		};
		891E21A51A3A553700E54C33 /* Sources */ = {
			isa = PBXSourcesBuildPhase;
			buildActionMask = 2147483647;
			files = (
				891E21B01A3A553700E54C33 /* VisparTests.m in Sources */,
			);
			runOnlyForDeploymentPostprocessing = 0;
		};
/* End PBXSourcesBuildPhase section */

/* Begin PBXTargetDependency section */
		891E21AB1A3A553700E54C33 /* PBXTargetDependency */ = {
			isa = PBXTargetDependency;
			target = 891E218C1A3A553600E54C33 /* Vispar */;
			targetProxy = 891E21AA1A3A553700E54C33 /* PBXContainerItemProxy */;
		};
/* End PBXTargetDependency section */

/* Begin PBXVariantGroup section */
		891E219D1A3A553700E54C33 /* Main.storyboard */ = {
			isa = PBXVariantGroup;
			children = (
				891E219E1A3A553700E54C33 /* Base */,
			);
			name = Main.storyboard;
			sourceTree = "<group>";
		};
		891E21A21A3A553700E54C33 /* LaunchScreen.xib */ = {
			isa = PBXVariantGroup;
			children = (
				891E21A31A3A553700E54C33 /* Base */,
			);
			name = LaunchScreen.xib;
			sourceTree = "<group>";
		};
/* End PBXVariantGroup section */

/* Begin XCBuildConfiguration section */
		891E21B11A3A553700E54C33 /* Debug */ = {
			isa = XCBuildConfiguration;
			buildSettings = {
				ALWAYS_SEARCH_USER_PATHS = NO;
				CLANG_CXX_LANGUAGE_STANDARD = "gnu++0x";
				CLANG_CXX_LIBRARY = "libc++";
				CLANG_ENABLE_MODULES = YES;
				CLANG_ENABLE_OBJC_ARC = YES;
				CLANG_WARN_BOOL_CONVERSION = YES;
				CLANG_WARN_CONSTANT_CONVERSION = YES;
				CLANG_WARN_DIRECT_OBJC_ISA_USAGE = YES_ERROR;
				CLANG_WARN_EMPTY_BODY = YES;
				CLANG_WARN_ENUM_CONVERSION = YES;
				CLANG_WARN_INT_CONVERSION = YES;
				CLANG_WARN_OBJC_ROOT_CLASS = YES_ERROR;
				CLANG_WARN_UNREACHABLE_CODE = YES;
				CLANG_WARN__DUPLICATE_METHOD_MATCH = YES;
				"CODE_SIGN_IDENTITY[sdk=iphoneos*]" = "iPhone Developer";
				COPY_PHASE_STRIP = NO;
				ENABLE_STRICT_OBJC_MSGSEND = YES;
				GCC_C_LANGUAGE_STANDARD = gnu99;
				GCC_DYNAMIC_NO_PIC = NO;
				GCC_OPTIMIZATION_LEVEL = 0;
				GCC_PREPROCESSOR_DEFINITIONS = (
					"DEBUG=1",
					"$(inherited)",
				);
				GCC_SYMBOLS_PRIVATE_EXTERN = NO;
				GCC_WARN_64_TO_32_BIT_CONVERSION = YES;
				GCC_WARN_ABOUT_RETURN_TYPE = YES_ERROR;
				GCC_WARN_UNDECLARED_SELECTOR = YES;
				GCC_WARN_UNINITIALIZED_AUTOS = YES_AGGRESSIVE;
				GCC_WARN_UNUSED_FUNCTION = YES;
				GCC_WARN_UNUSED_VARIABLE = YES;
				IPHONEOS_DEPLOYMENT_TARGET = 8.1;
				MTL_ENABLE_DEBUG_INFO = YES;
				ONLY_ACTIVE_ARCH = YES;
				SDKROOT = iphoneos;
				TARGETED_DEVICE_FAMILY = "1,2";
			};
			name = Debug;
		};
		891E21B21A3A553700E54C33 /* Release */ = {
			isa = XCBuildConfiguration;
			buildSettings = {
				ALWAYS_SEARCH_USER_PATHS = NO;
				CLANG_CXX_LANGUAGE_STANDARD = "gnu++0x";
				CLANG_CXX_LIBRARY = "libc++";
				CLANG_ENABLE_MODULES = YES;
				CLANG_ENABLE_OBJC_ARC = YES;
				CLANG_WARN_BOOL_CONVERSION = YES;
				CLANG_WARN_CONSTANT_CONVERSION = YES;
				CLANG_WARN_DIRECT_OBJC_ISA_USAGE = YES_ERROR;
				CLANG_WARN_EMPTY_BODY = YES;
				CLANG_WARN_ENUM_CONVERSION = YES;
				CLANG_WARN_INT_CONVERSION = YES;
				CLANG_WARN_OBJC_ROOT_CLASS = YES_ERROR;
				CLANG_WARN_UNREACHABLE_CODE = YES;
				CLANG_WARN__DUPLICATE_METHOD_MATCH = YES;
				"CODE_SIGN_IDENTITY[sdk=iphoneos*]" = "iPhone Developer";
				COPY_PHASE_STRIP = YES;
				ENABLE_NS_ASSERTIONS = NO;
				ENABLE_STRICT_OBJC_MSGSEND = YES;
				GCC_C_LANGUAGE_STANDARD = gnu99;
				GCC_WARN_64_TO_32_BIT_CONVERSION = YES;
				GCC_WARN_ABOUT_RETURN_TYPE = YES_ERROR;
				GCC_WARN_UNDECLARED_SELECTOR = YES;
				GCC_WARN_UNINITIALIZED_AUTOS = YES_AGGRESSIVE;
				GCC_WARN_UNUSED_FUNCTION = YES;
				GCC_WARN_UNUSED_VARIABLE = YES;
				IPHONEOS_DEPLOYMENT_TARGET = 8.1;
				MTL_ENABLE_DEBUG_INFO = NO;
				SDKROOT = iphoneos;
				TARGETED_DEVICE_FAMILY = "1,2";
				VALIDATE_PRODUCT = YES;
			};
			name = Release;
		};
		891E21B41A3A553700E54C33 /* Debug */ = {
			isa = XCBuildConfiguration;
			buildSettings = {
				ASSETCATALOG_COMPILER_APPICON_NAME = AppIcon;
				INFOPLIST_FILE = Vispar/Info.plist;
				LD_RUNPATH_SEARCH_PATHS = "$(inherited) @executable_path/Frameworks";
				PRODUCT_NAME = "$(TARGET_NAME)";
			};
			name = Debug;
		};
		891E21B51A3A553700E54C33 /* Release */ = {
			isa = XCBuildConfiguration;
			buildSettings = {
				ASSETCATALOG_COMPILER_APPICON_NAME = AppIcon;
				INFOPLIST_FILE = Vispar/Info.plist;
				LD_RUNPATH_SEARCH_PATHS = "$(inherited) @executable_path/Frameworks";
				PRODUCT_NAME = "$(TARGET_NAME)";
			};
			name = Release;
		};
		891E21B71A3A553700E54C33 /* Debug */ = {
			isa = XCBuildConfiguration;
			buildSettings = {
				BUNDLE_LOADER = "$(TEST_HOST)";
				FRAMEWORK_SEARCH_PATHS = (
					"$(SDKROOT)/Developer/Library/Frameworks",
					"$(inherited)",
				);
				GCC_PREPROCESSOR_DEFINITIONS = (
					"DEBUG=1",
					"$(inherited)",
				);
				INFOPLIST_FILE = VisparTests/Info.plist;
				LD_RUNPATH_SEARCH_PATHS = "$(inherited) @executable_path/Frameworks @loader_path/Frameworks";
				PRODUCT_NAME = "$(TARGET_NAME)";
				TEST_HOST = "$(BUILT_PRODUCTS_DIR)/Vispar.app/Vispar";
			};
			name = Debug;
		};
		891E21B81A3A553700E54C33 /* Release */ = {
			isa = XCBuildConfiguration;
			buildSettings = {
				BUNDLE_LOADER = "$(TEST_HOST)";
				FRAMEWORK_SEARCH_PATHS = (
					"$(SDKROOT)/Developer/Library/Frameworks",
					"$(inherited)",
				);
				INFOPLIST_FILE = VisparTests/Info.plist;
				LD_RUNPATH_SEARCH_PATHS = "$(inherited) @executable_path/Frameworks @loader_path/Frameworks";
				PRODUCT_NAME = "$(TARGET_NAME)";
				TEST_HOST = "$(BUILT_PRODUCTS_DIR)/Vispar.app/Vispar";
			};
			name = Release;
		};
/* End XCBuildConfiguration section */

/* Begin XCConfigurationList section */
		891E21881A3A553600E54C33 /* Build configuration list for PBXProject "Vispar" */ = {
			isa = XCConfigurationList;
			buildConfigurations = (
				891E21B11A3A553700E54C33 /* Debug */,
				891E21B21A3A553700E54C33 /* Release */,
			);
			defaultConfigurationIsVisible = 0;
			defaultConfigurationName = Release;
		};
		891E21B31A3A553700E54C33 /* Build configuration list for PBXNativeTarget "Vispar" */ = {
			isa = XCConfigurationList;
			buildConfigurations = (
				891E21B41A3A553700E54C33 /* Debug */,
				891E21B51A3A553700E54C33 /* Release */,
			);
			defaultConfigurationIsVisible = 0;
		};
		891E21B61A3A553700E54C33 /* Build configuration list for PBXNativeTarget "VisparTests" */ = {
			isa = XCConfigurationList;
			buildConfigurations = (
				891E21B71A3A553700E54C33 /* Debug */,
				891E21B81A3A553700E54C33 /* Release */,
			);
			defaultConfigurationIsVisible = 0;
		};
/* End XCConfigurationList section */
	};
	rootObject = 891E21851A3A553600E54C33 /* Project object */;
}
